
Microsoft Visual Studio Solution File, Format Version 12.00
# Visual Studio 15
VisualStudioVersion = 15.0.27130.2010
MinimumVisualStudioVersion = 10.0.40219.1
Project("{FAE04EC0-301F-11D3-BF4B-00C04F79EFBC}") = "Telephony", "Telephony\Telephony.csproj", "{2CBEA02A-2E19-4789-810E-93F5D8BD9117}"
EndProject
Project("{FAE04EC0-301F-11D3-BF4B-00C04F79EFBC}") = "sipdotnet", "..\..\..\project\sipdotnet\sipdotnet.csproj", "{BCB250F8-F74C-4768-8833-0F13FC8659B8}"
EndProject
Global
	GlobalSection(SolutionConfigurationPlatforms) = preSolution
		Debug|Any CPU = Debug|Any CPU
		Release|Any CPU = Release|Any CPU
	EndGlobalSection
	GlobalSection(ProjectConfigurationPlatforms) = postSolution
		{2CBEA02A-2E19-4789-810E-93F5D8BD9117}.Debug|Any CPU.ActiveCfg = Debug|Any CPU
		{2CBEA02A-2E19-4789-810E-93F5D8BD9117}.Debug|Any CPU.Build.0 = Debug|Any CPU
		{2CBEA02A-2E19-4789-810E-93F5D8BD9117}.Release|Any CPU.ActiveCfg = Release|Any CPU
		{2CBEA02A-2E19-4789-810E-93F5D8BD9117}.Release|Any CPU.Build.0 = Release|Any CPU
		{BCB250F8-F74C-4768-8833-0F13FC8659B8}.Debug|Any CPU.ActiveCfg = Debug|Any CPU
		{BCB250F8-F74C-4768-8833-0F13FC8659B8}.Debug|Any CPU.Build.0 = Debug|Any CPU
		{BCB250F8-F74C-4768-8833-0F13FC8659B8}.Release|Any CPU.ActiveCfg = Release|Any CPU
		{BCB250F8-F74C-4768-8833-0F13FC8659B8}.Release|Any CPU.Build.0 = Release|Any CPU
	EndGlobalSection
	GlobalSection(SolutionProperties) = preSolution
		HideSolutionNode = FALSE
	EndGlobalSection
	GlobalSection(ExtensibilityGlobals) = postSolution
		SolutionGuid = {BA612FFB-8787-45EA-9EB0-09FC1BDA3A5B}
	EndGlobalSection
EndGlobal
